# Pinned runtime dependency closure of pyproject.toml — what the Docker image
# installs. GENERATED, do not hand-edit versions.
#
# Why: pyproject.toml holds only `>=` floors, so `pip install .` at image build
# time took whatever litellm / fastapi / sqlalchemy happened to be newest that
# day — a push to main (which IS a production deploy) could pull a breaking
# release nobody had run. The Dockerfile installs THIS file with `--no-deps`
# and then the project with `--no-deps`, so the image only ever contains what
# is written here, and `pip check` in the build fails if the set is incomplete.
#
# Hashes: every pin lists the sha256 of the release files PyPI published for
# it, and the image installs with `--require-hashes` — a version re-uploaded
# or replaced upstream fails the build rather than reaching production.
#
# Regenerate (from backend/, in the venv that has the versions you tested):
#   .venv/bin/python scripts/lock_requirements.py > requirements.lock
# The script walks Requires-Dist from pyproject's runtime deps with markers
# evaluated for the image (Linux / CPython 3.12), so dev extras (pytest, ruff,
# mypy) and their private deps are left out, then fetches the hashes from
# PyPI. Bumping a dependency = bump it in the venv, run the tests, regenerate,
# commit both.
aiohappyeyeballs==2.7.1 \
    --hash=sha256:065665c041c42a5938ed220bdcd7230f22527fbec085e1853d2402c8a3615d9d \
    --hash=sha256:9243213661e29250eb41368e5daa826fc017156c3b8a11440826b2e3ed376472
aiohttp==3.14.3 \
    --hash=sha256:0a5ff2dfbb9ce645fa5b8ef3e02c6c0b9cc3f6030ff863d0c51fffc50cb5541b \
    --hash=sha256:543906c127fb1d929b95076db19b83fa2d46751006ff1e23b093aa5ac4d8db42 \
    --hash=sha256:8f2f1c4c032c7cedd7d8da6f54c97b70266c6570c3108d3fdffee7188bb70529 \
    --hash=sha256:9491196535a88924a60afd5b5f434b5b203b6cc616250878dbdb223a8f7844bc \
    --hash=sha256:a94dbaae5ae27bd849c93570669bff91e0510f33a80805738e3de72a7be0447b \
    --hash=sha256:ea05e1f97ceea523942d9b2a7d7c0359d781d683d6b043f5943a602b14da4787 \
    --hash=sha256:f631fe87a6f30df5fbe6d79640b25e4cffb38c31c7fb6f10871517b84b0f8c1a
aiosignal==1.4.0 \
    --hash=sha256:053243f8b92b990551949e63930a839ff0cf0b0ebbe0597b0f3fb19e1a0fe82e \
    --hash=sha256:f47eecd9468083c2029cc99945502cb7708b082c232f9aca65da147157b251c7
alembic==1.20.0 \
    --hash=sha256:77eb101048d95f982c0353e9233404889dcd7a6fc244c107836c0e2fc9cf7d9d \
    --hash=sha256:db505480647bc60386c5369402f4a57a506b7539c9e9ef5e270d45cbbe4939bf
annotated-doc==0.0.5 \
    --hash=sha256:117bac03a25ede5df5440e855b32d556049ca169ead221505badf432fed4b101 \
    --hash=sha256:c7e58ce09192557605d8bbd92836d7e1d520ac9580096042c0bfd197efacf1bb
annotated-types==0.8.0 \
    --hash=sha256:13b2beaad985e05e2d6407ee4c4f35590b11f8d693a258a561055cac8f64cab7 \
    --hash=sha256:f072f4d804ea359e4eaf198b1af7a8b0943881a87f31bb764f8bf219bb9419e0
anyio==4.15.1 \
    --hash=sha256:6152fdbbf9a77fdec97731721bebf7c4c44f7c29b424b0065826173efc7ed101 \
    --hash=sha256:9f28306018cbd6d329e64a36d58256edff76dd996fe423bc957326e578b82a94
arq==0.28.0 \
    --hash=sha256:a458188aefc2d7ee17d136f80d8fa8df1d6eba4ceebdead87e9f172d027dc311 \
    --hash=sha256:b1696bf5614d60f4172a2c0cbdc177e23ba03a5eb9acc29bd8181f4ea71fff94
asyncpg==0.31.0 \
    --hash=sha256:12b3b2e39dc5470abd5e98c8d3373e4b1d1234d9fbdedf538798b2c13c64460a \
    --hash=sha256:aad7a33913fb8bcb5454313377cc330fbb19a0cd5faa7272407d8a0c4257b671 \
    --hash=sha256:c989386c83940bfbd787180f2b1519415e2d3d6277a70d9d0f0145ac73500735
attrs==26.1.0 \
    --hash=sha256:c647aa4a12dfbad9333ca4e71fe62ddc36f4e63b2d260a37a8b83d2f043ac309 \
    --hash=sha256:d03ceb89cb322a8fd706d4fb91940737b6642aa36998fe130a9bc96c985eff32
bcrypt==5.0.0 \
    --hash=sha256:0c8e093ea2532601a6f686edbc2c6b2ec24131ff5c52f7610dd64fa4553b5464 \
    --hash=sha256:2b732e7d388fa22d48920baa267ba5d97cca38070b69c0e2d37087b381c681fd \
    --hash=sha256:560ddb6ec730386e7b3b26b8b4c88197aaed924430e7b74666a586ac997249ef \
    --hash=sha256:5b1589f4839a0899c146e8892efe320c0fa096568abd9b95593efac50a87cb75 \
    --hash=sha256:611f0a17aa4a25a69362dcc299fda5c8a3d4f160e2abb3831041feb77393a14a \
    --hash=sha256:7aeef54b60ceddb6f30ee3db090351ecf0d40ec6e2abf41430997407a46d2254 \
    --hash=sha256:89042e61b5e808b67daf24a434d89bab164d4de1746b37a8d173b6b14f3db9ff \
    --hash=sha256:a71f70ee269671460b37a449f5ff26982a6f2ba493b3eabdd687b4bf35f875ac \
    --hash=sha256:c2388ca94ffee269b6038d48747f4ce8df0ffbea43f31abfa18ac72f0218effb \
    --hash=sha256:d79e5c65dcc9af213594d6f7f1fa2c98ad3fc10431e7aa53c176b441943efbdd \
    --hash=sha256:ddb4e1500f6efdd402218ffe34d040a1196c072e07929b9820f363a1fd1f4191 \
    --hash=sha256:edfcdcedd0d0f05850c52ba3127b1fce70b9f89e0fe5ff16517df7e81fa3cbb8 \
    --hash=sha256:f0ce778135f60799d89c9693b9b398819d15f1921ba15fe719acb3178215a7db \
    --hash=sha256:f748f7c2d6fd375cc93d3fba7ef4a9e3a092421b8dbf34d8d4dc06be9492dfdd \
    --hash=sha256:f8429e1c410b4073944f03bd778a9e066e7fad723564a52ff91841d278dfc822
boto3==1.43.93 \
    --hash=sha256:196bfc8b4c9cd5505f9f7b963e30956db3a00fd47e20dd0ee3574a243c1fb212 \
    --hash=sha256:3c948fe231490d446bf90bf3322d1452632107329d3683b37d88b7399bf481a0
botocore==1.43.93 \
    --hash=sha256:3ca57bb5d26d88b554a74de708a5c991f45306436c91aacca931252d1d4d54ff \
    --hash=sha256:82da355d18a7f784347b00444be33942834651f31b6c5ffef49999cd47364c5e
certifi==2026.7.22 \
    --hash=sha256:62f22742b58a1a33014a2b6b706588a8d7e2a88ae7bd1a6ebe8c992928483775 \
    --hash=sha256:741e2c3b351ddf169a738da9f2c048608ff7f2c5cc02f1ebc6b118bb090d5d55
cffi==2.1.1 \
    --hash=sha256:3143d81e29e1e20a9ce10901ec369012947876596f75a222235965f2b7ae832e \
    --hash=sha256:4a7c934f7360e8cd64fe9efadcbd10c7c6364f531e432b9a4bf5ccbc9e0e8b50 \
    --hash=sha256:68e62fe11f30d5ca8289242866f0a5291402d8529ca2178ab8afc5c9694ae890 \
    --hash=sha256:811bd1e21d32de12efca32393a0ab3f5133b54fce9bd44b8bd77ab07da14bf6a \
    --hash=sha256:c1453022f490d2459a11819d83ad1d586e9ff65a12ac3e705ffebd46d3685dcf \
    --hash=sha256:dd31f52ea1086513bb9df30f8fcee9b8918323ae067a3d5b78bc826a000712be
charset-normalizer==3.5.1 \
    --hash=sha256:1d1c7a53a6c2103925cdd6d7229f8c567379f211c869793df679f2e9f738c369 \
    --hash=sha256:343fb4f2821043bd87095f7b08a1a181febc8e36ac64212143bbfd0a0e1bc235 \
    --hash=sha256:4582c27e8c889d64811987b5967fbd3ae0c823fe1fd933b543d55ac20bb475fa \
    --hash=sha256:4b599739b93b2cbeded49645ae3c8d1405c29ddfbceac1545c87a3f9580a9e96 \
    --hash=sha256:6117b84ea48435e5356dc737f5121485c30920ba43375fa7b434fd753df0eac3 \
    --hash=sha256:6df0ec430f9a831772c23ca5a224cba36517a58a84bb32c32bb59a9fa67c47f6 \
    --hash=sha256:7c0c10730342b0c9b35dd1d619beb8214e520bd96a1f870f452680b238aab3e0 \
    --hash=sha256:a6dac12ff6b846103483683f60c5f8fee205121adc58ffd87e90a90a3af69e99 \
    --hash=sha256:ae4a097991662cd4fff0ddc74e0fe7874f82e00042fa0ea00855645ed0c79598 \
    --hash=sha256:b39b69b347e5e47a3b5b8cfc005c68c1ba347474e3960236c4944a8ecd174962 \
    --hash=sha256:b9af956078716df40d985fb0dfeb2c2120c5ca92ba4ff4b388acfd01cdc14d08 \
    --hash=sha256:cee5dd7c6fb5dd52a0fe2a740f9bc6e3593f5f8b1788bde49de02086f30182b2 \
    --hash=sha256:e6621fb2a4988d6e53eedc455e5903e2679f3967b8acb3d639f1b63c14a2e893 \
    --hash=sha256:f9f8405c2c758532c74fed975dbee57be1f31a6e865c031870c79a6ed3212ada
click==8.5.0 \
    --hash=sha256:255bc9599cf7748b4b1a446ccc735421bd08a2ae529a8b88597d3de5664ee360 \
    --hash=sha256:ba0d2089de75ea0310e2dde03160e6ca10009947fb95a182f9b54021bb272e34
cloudpickle==3.1.2 \
    --hash=sha256:7fda9eb655c9c230dab534f1983763de5835249750e85fbcef43aaa30a9a2414 \
    --hash=sha256:9acb47f6afd73f60dc1df93bb801b472f05ff42fa6c84167d25cb206be1fbf4a
cryptography==50.0.1 \
    --hash=sha256:01f41478cf33fc605a6a089cd56d28b45c6c0b45a1928b61797f2621a04bac71 \
    --hash=sha256:05ba322c4da95b262a212c345af888ef2c37c88c0509756ea00a0e6d68850f23 \
    --hash=sha256:2b34d76a652ea2b6faf777c35df230c5637842cd904e04f16230c3f9f03e4361 \
    --hash=sha256:2ebbfb0f1fed745e91796e3e1080a1440423fdae8ece1b995a1d80883a409054 \
    --hash=sha256:359e62deae718bce96170e223fdcb6357e4fbd3bb7a3a75f4430763532560e49 \
    --hash=sha256:407fe2b6db00939c05c0e945e9914238f2f0a430974839429dafc82b1ee6bee5 \
    --hash=sha256:4c4188f7c0cf655be5c06342b817ed0f9595b69ffa2b12026e5353eed29dea88 \
    --hash=sha256:51593d180cf6d179bde5c5d065bed81386b1f381656ae7d042b7ffc87a9895ad \
    --hash=sha256:51afcfceb15597cf2635068e4ac9a56b2abde622edde17f37d85fd7b5306497a \
    --hash=sha256:53e279950892dc102c6b4e52af03ae5ea92fac572a1ddab78ca73a997f62b69f \
    --hash=sha256:5dd9bda1c12b4162f6ff568eeb5e0ff956c28d14406e875cfe8a63a2d414ff20 \
    --hash=sha256:5fe002589592ed749ce77fe0695fcbd3500dd61d7d6db5858a7544c612fa8e45 \
    --hash=sha256:76de83fbd91ac49c0feaaa983d0748fd7a53176afac5fb3bf7478d244f0eb527 \
    --hash=sha256:9dde0a357190eb3b1da1bb9ab750e9c85cba82ca5977aa0836cbb94e92611239 \
    --hash=sha256:e22dfed744bd4002e909464cb23d2f0b05c6f3113a79ef2e9864a53db737c733 \
    --hash=sha256:e2ca8fd1b6b4b82a1c4cb02841d0837e3c12336c2e24b520ab8ab3b969733d8f \
    --hash=sha256:e74591e283fe6eb956416c929eb58262a719fe0311fd9054c62c3350ed8760d8 \
    --hash=sha256:fc3ed7ebd2a8c96f5b166de0ab9b624996bef3b07bbeb19364dfb78222c22c80 \
    --hash=sha256:ff838d62ec1bfce4f9ba7fa16f4a7b554cd8d0c299e6be37502161a660c84eef
decorator==5.3.1 \
    --hash=sha256:4cbcdd55a6efadb9dbea26b858f4fb3264567b52d69ca0d25b721b553f60ea82 \
    --hash=sha256:f47fe6fdbd2edd623ecfe36875d37aba411624e2670dd395dddae1358689bb3c
distro==1.9.0 \
    --hash=sha256:2fa77c6fd8940f116ee1d6b94a2f90b13b5ea8d019b98bc8bafdcabcdd9bdbed \
    --hash=sha256:7bffd925d65168f85027d8da9af6bddab658135b840670a223589bc0c8ef02b2
dnspython==2.8.0 \
    --hash=sha256:01d9bbc4a2d76bf0db7c1f729812ded6d912bd318d3b1cf81d30c0f845dbf3af \
    --hash=sha256:181d3c6996452cb1189c4046c61599b84a5a86e099562ffde77d26984ff26d0f
email-validator==2.3.0 \
    --hash=sha256:80f13f623413e6b197ae73bb10bf4eb0908faf509ad8362c5edeb0be7fd450b4 \
    --hash=sha256:9fc05c37f2f6cf439ff414f8fc46d917929974a82244c20eb10231ba60c54426
fastapi==0.141.1 \
    --hash=sha256:bfb91aa2d334c61cb35ba9a116fc123b3d3df31640b801cf57a7a78ec3f603b3 \
    --hash=sha256:e8822fc40db1e1858054d7a949a888695bc9bdce70139178e33bd2871a453ca1
fastuuid==0.14.0 \
    --hash=sha256:0c9ec605ace243b6dbe3bd27ebdd5d33b00d8d1d3f580b39fdd15cd96fd71796 \
    --hash=sha256:178947fc2f995b38497a74172adee64fdeb8b7ec18f2a5934d037641ba265d26 \
    --hash=sha256:2fb3c0d7fef6674bbeacdd6dbd386924a7b60b26de849266d1ff6602937675c8 \
    --hash=sha256:808527f2407f58a76c916d6aa15d58692a4a019fdf8d4c32ac7ff303b7d7af09
ffmpeg-python==0.2.0 \
    --hash=sha256:65225db34627c578ef0e11c8b1eb528bb35e024752f6f10b78c011f6f64c4127 \
    --hash=sha256:ac441a0404e053f8b6a1113a77c0f452f1cfc62f6344a769475ffdc0f56c23c5
filelock==3.32.6 \
    --hash=sha256:3f16ecd0117feae0dfc147e8c62eb5daeccd8bd800378c3ddf416de9b4feb6b1 \
    --hash=sha256:a3f55a18af3652a94d8f47d6055df434f254ca1d02ef2524850c6d249ca2512c
frozenlist==1.8.0 \
    --hash=sha256:0c18a16eab41e82c295618a77502e17b195883241c563b00f0aa5106fc4eaa0d \
    --hash=sha256:3462dd9475af2025c31cc61be6652dfa25cbfb56cbbf52f4ccfe029f38decaf8 \
    --hash=sha256:3ede829ed8d842f6cd48fc7081d7a41001a56f1f38603f9d49bf3020d59a31ad \
    --hash=sha256:494a5952b1c597ba44e0e78113a7266e656b9794eec897b19ead706bd7074383 \
    --hash=sha256:96f423a119f4777a4a056b66ce11527366a8bb92f54e541ade21f2374433f6d4 \
    --hash=sha256:c4c800524c9cd9bac5166cd6f55285957fcfc907db323e193f2afcd4d9abd69b \
    --hash=sha256:d6a5df73acd3399d893dafc71663ad22534b5aa4f94e8a2fabfe856c3c1b6a52
fsspec==2026.7.0 \
    --hash=sha256:b57ddbafedfaef7018c1ecab32aa200a9d7ca26b77965f64e48b70061249d279 \
    --hash=sha256:c803c40f4cf860b49dea58ee3e1c33cb9c790520e233537e1340049f89b82a88
future==1.0.0 \
    --hash=sha256:929292d34f5872e70396626ef385ec22355a1fae8ad29e1a734c3e43f9fbc216 \
    --hash=sha256:bd2968309307861edae1458a4f8a4f3598c03be43b97521076aebf5d94c07b05
greenlet==3.5.5 \
    --hash=sha256:147b25a42e5ca5be3d42356e8f608b37af715a1c196e9bf9d1627f3341adfe1d \
    --hash=sha256:1b5ed9162c0c098e0bbc2cf88a94f433c1b8926f831745252e099e5d83e17759 \
    --hash=sha256:55272212cbc5f43d1d723725ab931f1939969b7e9523882ca58b55061769d053 \
    --hash=sha256:655bca754a2ef4efcb0eb48a94d3f4593536d0f3d48f8ed44343c01d16a92f95 \
    --hash=sha256:6ca5d6ae0739e5764f2cfcfaa562ac5a990cbdaedca93251c5e3cf07c362371f \
    --hash=sha256:adb4bae02e91a8e863e48b177e4014bdcac8a6b5e047ea1df687a61534b85e6c
h11==0.16.0 \
    --hash=sha256:4e35b956cf45792e4caa5885e69fba00bdbc6ffafbfa020300e549b208ee5ff1 \
    --hash=sha256:63cf8bbe7522de3bf65932fda1d9c2772064ffb3dae62d55932da54b31cb6c86
hf-xet==1.6.0 \
    --hash=sha256:0e6e21fa3cdfcdcd76748564bf593870a5e013f47d97cf10aed63aa222cff5b7 \
    --hash=sha256:2e58454a340b3556dfa4972d5451aff4fba8dd42a236600ba1a1d2b1514f0fef \
    --hash=sha256:d62671bb130879cef0ee4c9ebe47a14af6c66ec53e6d84dc15936e5ffdfac82f
hiredis==3.4.1 \
    --hash=sha256:2bbb55435506e481d270df8d0b29dd94acb85d11d71df4b8efce23849a4d0bb7 \
    --hash=sha256:5c3e191e6514c54f68a0b3d2b18aa6e73885393be16a31ae74b15c12b544cbaa \
    --hash=sha256:66953abbda35703727a596bd3a83e86acc4da781e258780c3d85dd6acc1f39f9 \
    --hash=sha256:7a2cd31cba425ae954abeafa5dd74552e5ffa61661d3c8098cc66787330c1779 \
    --hash=sha256:7b083a1deee1124a7c47baf1d3db85251f4ecd9812a974f586d59ef7d28f6007
httpcore==1.0.9 \
    --hash=sha256:2d400746a40668fc9dec9810239072b40b4484b640a8c38fd654a024c7a1bf55 \
    --hash=sha256:6e34463af53fd2ab5d807f399a9b45ea31c3dfa2276f15a2c3f00afff6e176e8
httptools==0.8.0 \
    --hash=sha256:425f83884fd6343828d8c565f046cb72b6d19063f6924093e11bcd8e1548cd09 \
    --hash=sha256:6b2a32f18d97e16e90827d7a819ffa8dbd8cc245fc4e1fa9d1095b54ef4bd999 \
    --hash=sha256:b15fc622b0f869d19207c4089a501d9bcc63ca5e071ffdd2f03f922df882dcb2
httpx==0.28.1 \
    --hash=sha256:75e98c5f16b0f35b567856f597f06ff2270a374470a5c2392242528e3e3e42fc \
    --hash=sha256:d909fcccc110f8c7faf814ca82a9a4d816bc5a6dbfea25d6591d6985b8ba59ad
huggingface-hub==1.31.0 \
    --hash=sha256:9dbb6a503cbe2494ea666695207e7262d410659e09134059deb83e5480864667 \
    --hash=sha256:f8e9e710a210613fa5d0f26bba6da05ef4aef9fba5a0f23f508f5ac4d08b6f90
idna==3.19 \
    --hash=sha256:5e0811a4383b21dc5838069f801c4fb62113b7447663d2530d2bd6e77b49bf15 \
    --hash=sha256:815e7be7a7806d54abb586dc943addc79e8b2ee16915059658cbeff4b1b43bf4
importlib-metadata==8.9.0 \
    --hash=sha256:58850626cef4bd2df100378b0f2aea9724a7b92f10770d547725b047078f99ee \
    --hash=sha256:e0f761b6ea91ced3b0844c14c9d955224d538105921f8e6754c00f6ca79fba7f
jinja2==3.1.6 \
    --hash=sha256:0137fb05990d35f1275a587e9aee6d56da821fc83491a0fb838183be43f66d6d \
    --hash=sha256:85ece4451f492d0c13c5dd7c13a64681a86afae63a5f347908daf103ce6d2f67
jiter==0.17.0 \
    --hash=sha256:03e432f226a453851079fb84cd17c6da9991eab723e28d716f14ae3d906e0c12 \
    --hash=sha256:5078ab00664307fab2019b522a93aeb191122789f085daf5fd9e362154021d4a \
    --hash=sha256:73b64e69c4150748e020356d958af94bec33c70a0a93d665cfa8f6d580fe1a63 \
    --hash=sha256:76eb4a5c20e86f9f848286f167024890f2862258a965d254774deb7fc1545ca1 \
    --hash=sha256:8c21265b251d99bbb40080d178a8953e35601d3a1564e05c4de4c0d2ca616797 \
    --hash=sha256:bcc064f99183a9cbe7f26ed648c352031a74145cd61ed75d34632c73eb46a5a8 \
    --hash=sha256:f0bc7f684b65bcda9c20434267577db71bf9905ceddd32b60d1d93278d8c8d3a \
    --hash=sha256:f3d7f7b34114f7ddc6d72a8e882d49de636b35d9fd12b4d420d3c5729f6c9812
jmespath==1.1.0 \
    --hash=sha256:472c87d80f36026ae83c6ddd0f1d05d4e510134ed462851fd5f754c8c3cbb88d \
    --hash=sha256:a5663118de4908c91729bea0acadca56526eb2698e83de10cd116ae0f4e97c64
joblib==1.6.0 \
    --hash=sha256:2ccc96785b12046c08fd6d55839c12857831b54a3c1673ffadd2f04bfc4eda03 \
    --hash=sha256:3dbbf9f6e4b592a2357b854608e980fe6390d131d7a82f011a377ef2ebef7aba
jsonschema==4.26.0 \
    --hash=sha256:0c26707e2efad8aa1bfc5b7ce170f3fccc2e4918ff85989ba9ffa9facb2be326 \
    --hash=sha256:d489f15263b8d200f8387e64b4c3a75f06629559fb73deb8fdfb525f2dab50ce
jsonschema-specifications==2025.9.1 \
    --hash=sha256:98802fee3a11ee76ecaca44429fda8a41bff98b00a0f2838151b113f210cc6fe \
    --hash=sha256:b540987f239e745613c7a9176f3edb72b832a4ac465cf02712288397832b5e8d
lazy-loader==0.5 \
    --hash=sha256:717f9179a0dbed357012ddad50a5ad3d5e4d9a0b8712680d4e687f5e6e6ed9b3 \
    --hash=sha256:ab0ea149e9c554d4ffeeb21105ac60bed7f3b4fd69b1d2360a4add51b170b005
librosa==1.0.0 \
    --hash=sha256:5910a6c0e1b2e494b92758c1615a7acbd0515a2315e138927ba2982f2af88857 \
    --hash=sha256:73ed480d4022e436e85dfa6f6b06ff38a259b9210039ac99939cd64854b61a57
litellm==1.100.1 \
    --hash=sha256:8f53d917ece795e35c125ec24d342ddc2103a806c22b1f7b1517110d31f45362 \
    --hash=sha256:d24b5fbdeb1f0b5c0a6f7f0caf7b6aa79b69c704b90daca57e3ce7d50a9d6bf4 \
    --hash=sha256:f24ab714b58a66276623b48ed58c0fbf4e1ccd6fd127b187a049ce0c74eba8ab
llvmlite==0.49.0 \
    --hash=sha256:00f16db782f4a13c78c5804aedc434e46794a77e89999a168f9401106270e50a \
    --hash=sha256:4ec8ad805e7515cb8440a690eb3cef4d34acb29eef80b705ec4e1c1ad3c43c68 \
    --hash=sha256:6acba646d88abbc87d5c113a3d62c1fbf8b8fee11c6493f516803e30f21ae870
mako==1.4.1 \
    --hash=sha256:a359d9a94a541213958742b2698d0a7757bb83551767bc468a74b9905aba9617 \
    --hash=sha256:d7904710b662996425a21627710c4777c45053146942cf8a7aebf757c92b8c27
markupsafe==3.0.3 \
    --hash=sha256:3a7e8ae81ae39e62a41ec302f972ba6ae23a5c5396c8e60113e9066ef893da0d \
    --hash=sha256:722695808f4b6457b320fdc131280796bdceb04ab50fe1795cd540799ebe1698 \
    --hash=sha256:94c6f0bb423f739146aec64595853541634bde58b2135f27f61c1ffd1cd4d16a \
    --hash=sha256:d6dd0be5b5b189d31db7cda48b91d7e0a9795f31430b7f271219ab30f1d3ac9d
msgpack==1.2.2 \
    --hash=sha256:0e91332144f69bc3018c91232fac26da580ef748fb8eaddd7914d4458001cc4f \
    --hash=sha256:77c2e018417dc1d66f235e383877ee885b60ade9d29e494dd581e08af2cb1923 \
    --hash=sha256:90986cc9aab9d7d1d8f38bcbf65d3f7ac83bdd90c35765db7d691b4829698cba \
    --hash=sha256:9eb0b0e602064527a045ea28c4f174ed69383587e29cebe28947e3b84106eb2a
multidict==6.8.0 \
    --hash=sha256:003a3bddb32915c3f67096ea41d24e53edf710edb65a1f5d0c70ab40b0e4d20b \
    --hash=sha256:088b04a66b3c1fce6fe4d771ec184a0426262d0b86709c908477b4ac7965df40 \
    --hash=sha256:35977263d9bf506dbc65349f63b3b8c91606d4abc110990945e3b94bc671319c \
    --hash=sha256:5cd4637ce76312ba1e05eb9c5193fec231f64fee0944e135fa1e951242355b37 \
    --hash=sha256:658f5a1895b804423d97b22d06fc0d0b171c7c01dcc3aa9c8faf0c0e26a249a5 \
    --hash=sha256:75daa15ca16d6285eb2e104b2f05ee6f8d9836c68da3ce5c85f615a0450eed0e \
    --hash=sha256:90c10b22860dbd09982d0b8993b66231a861bea2993d4a817ff35273f6ea285a \
    --hash=sha256:9caef53b20a105c0d66518a34be2f71b2783de8d091767575ef86f6ea422236d \
    --hash=sha256:a5e1583c14775580da05641240ce0d93f36ce3ddef3d5083a827468b0bcfe874
narwhals==2.26.0 \
    --hash=sha256:29326d74f107c347fd1009bd58e38d9f7c7c5b51e6de97bc93dbc325d9038b54 \
    --hash=sha256:6b9cadca82f375c7e4cf584fdc86ca25da54827307a9c58f94547ee6104b82dd
numba==0.67.0 \
    --hash=sha256:76d3335aaeffb9dc88309420890e73497a00be08a7530441bc2b58ffe025bfa5 \
    --hash=sha256:cd75aa535b33fa05d9d930b1ae8af9f97a2881e96d72dfb38ec9b78284d9f851 \
    --hash=sha256:f63d43db06b4756424d6d2484737c902e0ae944a0eec3e8b0b4de2c695b15caa
numpy==2.5.3 \
    --hash=sha256:76c2c1e6bfa5c84adc6434dfbf013aa92096a7985221762c8f11fedfd20fff58 \
    --hash=sha256:b7e18c623bb5c95acb3b3328861272816ba199fb531921c5d6d0b675f1fde9e3 \
    --hash=sha256:df2d5874ff183595a4ba404edd04f6bd9b5505c1d7708573f6a6c17489a67563
openai==2.54.0 \
    --hash=sha256:89089789197ccdb87f173a03145ed1598d00795220c93e96cf712b1cbf5e5f2b \
    --hash=sha256:e3e6f8bc1ba30ddf381ace1a14340eed381cb984a1a59bd0f34b5be3b5d49cfa
opencv-python==5.0.0.93 \
    --hash=sha256:08d5d91d967b58d6db86073b2ad3eaef88ca4ebdfd45c9059bf59f5ded0c7ad2 \
    --hash=sha256:66aac3e5b5faa48d4025816592f3af19e4bfc2c68dec067bae2dbb4ca10aa9e2 \
    --hash=sha256:c8de2dec111122a02e8beb28e16c31904992dfd6186560b142a92c71403c1039 \
    --hash=sha256:e2b4272e736836f66c2d176e43ab8101f3a00d45654916399f52e150c58981ac \
    --hash=sha256:f8b6d0a212253dd26ad338c812f1f23ca118fdf05a9c8c6b9444f161aa8c5881
packaging==26.3 \
    --hash=sha256:94edc256424af38762eb31306eed28beb9f0efc50a8837492c9d6fd6004aed79 \
    --hash=sha256:d7193f7c8e4e93f444fde0262bf90af30e16fa0ad0ad44cb553c87339b23cd1c
passlib==1.7.4 \
    --hash=sha256:aa6bca462b8d8bda89c70b382f0c298a20b5560af6cbfa2dce410c0a2fb669f1 \
    --hash=sha256:defd50f72b65c5402ab2c573830a6978e5f202ad0d984793c8dde2c4152ebe04
pillow==12.3.0 \
    --hash=sha256:3b8182a766685eaa002637e28b4ec8d6b18819a0c71f579bf0dbaa5830297cce \
    --hash=sha256:78cb2c6865a35ab8ff8b75fd122f6033b92a62c82801110e48ddd6c936a45d91 \
    --hash=sha256:d9c7f76c0673154f044e9d78c8655fb4213f6ca31a836df48b40fe5d187717b9
platformdirs==4.11.8 \
    --hash=sha256:52f2f181bbfde907966932cc8312d967d02976422d66d537ea16092b8e291081 \
    --hash=sha256:f23abafea7dd4276d1f29104b83598d7dcc567cafd07c9c951e66665645437fc
playwright==1.62.0 \
    --hash=sha256:ba33bae6a13b3d9d354c751cb618af357d20fe1d57767cbcce52079bbef17ad3 \
    --hash=sha256:db2d76613a57ad844362ce42f7d0c2fa26b19a4f7a46d4f76b891c631e6e5aff
pooch==1.9.0 \
    --hash=sha256:de46729579b9857ffd3e741987a2f6d5e0e03219892c167c6578c0091fb511ed \
    --hash=sha256:f265597baa9f760d25ceb29d0beb8186c243d6607b0f60b83ecf14078dbc703b
propcache==0.5.2 \
    --hash=sha256:01c4fc7480cd0598bb4b57022df55b9ca296da7fc5a8760bd8451a7e63a7d427 \
    --hash=sha256:178b4a2cdaac1818e2bf1c5a99b94383fa73ea5382e032a48dec07dc5668dc42 \
    --hash=sha256:5671d09a36b06d0fd4a3da0fccbcae360e9b1570924171a15e9e0997f0249fba \
    --hash=sha256:5dbc581d2814337da56222fab8dc5f161cd798a434e49bac27930aaef798e144 \
    --hash=sha256:6f328175a2cde1f0ff2c4ed8ce968b9dcfb55f3a7153f39e2957ed994da13476 \
    --hash=sha256:857187f381f88c8e2fa2fe56ab94879d011b883d5a2ee5a1b60a8cd2a06846d9 \
    --hash=sha256:be1ddfcbb376e3de5d2e2db1d58d6d67463e6b4f9f040c000de8e300295465fe
psycopg==3.3.5 \
    --hash=sha256:ce5aa5cdb4f9379f00f487590e5890bfa7df9a164648c969ffa628505e21af4e \
    --hash=sha256:d0a3d9ccf5788af054cbd745278cb02401b5c312aeaafbf2c6144460aec47da4
psycopg-binary==3.3.5 \
    --hash=sha256:5698ab5941a4d138c30fef858588e651fe7d583280cd6e41832825ad9e747750 \
    --hash=sha256:682a17a57415c3ca1731eec018ed031f012ffcb81ba74806eb219cb396065672 \
    --hash=sha256:d2a61e8147902771df7efe14062a3c8736347850d0d8befcf048235752504f2e \
    --hash=sha256:f7e1e45aad410e20de45df2b159df68ff6c8dbf47a3501f806c4489b27f4ad2b
pycparser==3.0 \
    --hash=sha256:600f49d217304a5902ac3c37e1281c9fe94e4d0489de643a9504c5cdfdfc6b29 \
    --hash=sha256:b727414169a36b7d524c1c3e31839a521725078d7b2ff038656844266160a992
pydantic==2.13.5 \
    --hash=sha256:346a034f080da3755d8e9cb5e00e8b07de1d39e4f6e2c87d8ab7cafa0b269a73 \
    --hash=sha256:51a9c5f7b2f8e636f04c6cada605d9b6a3bf1348fdf945a3d8869b19bba0ee08
pydantic-core==2.46.5 \
    --hash=sha256:0fc5be0abd4a407e200d844b404e33639a554e7bd0d448e7b9ae181be4789ac2 \
    --hash=sha256:10416c15b8839ecc4ef4d0885da76da6fd0f67333a0eb8aff6d93c4b8f2910fc \
    --hash=sha256:4fdc8b93a41521988916eeaa271173fcca7fa0803d62f87675aac8dcec1c8e29 \
    --hash=sha256:816ff0a6550ffc06c098ccd2e0698600f9aa7da192a79eaa6f9af504a35db869 \
    --hash=sha256:b98134087d9de723658d17a42c7d0da8d6e2ef08015dee7dc93889047315f5e4 \
    --hash=sha256:c7ea57fc63aa7da93a1bd2d644e6577befae10c52c4e36377635eea1056a74f5 \
    --hash=sha256:d925f3d9afd05a8c0fb3a1031463a8d59ebe5e2afad297e29c78be19e13b4e62 \
    --hash=sha256:e652ab17569c94bff5475520f907b7148b8c24036a8ebbe5cf7cf7493d28579a
pydantic-settings==2.15.0 \
    --hash=sha256:0ba092c291c94baceb5eff768aa0d56400a457585bc0175925a5a5510303da42 \
    --hash=sha256:694b793e84f766ba76a90ebdefc01d0a9a045dab0382bee70393da93712ad117
pyee==13.0.1 \
    --hash=sha256:0b931f7c14535667ed4c7e0d531716368715e860b988770fc7eb8578d1f67fc8 \
    --hash=sha256:af2f8fede4171ef667dfded53f96e2ed0d6e6bd7ee3bb46437f77e3b57689228
pyjwt==2.14.0 \
    --hash=sha256:77283c83fb56ecf566a886c757a714bc83668e38156de2cce8263302f42e0b86 \
    --hash=sha256:ad0cef71c756a56e74863c2919cf0985f72decbcfcb550ee2f422e7c62b5eedc
pythainlp==5.3.7 \
    --hash=sha256:625b32cd42320dc6e359315108c58eb62480804b16ae843ae3249d925f4f2cf9 \
    --hash=sha256:98b86c6d4a807749a8e9c9488090e20e0504f99be05b414b7da14dc5068a1f76
python-dateutil==2.9.0.post0 \
    --hash=sha256:37dd54208da7e1cd875388217d5e00ebd4179249f90fb72437e91a35459a0ad3 \
    --hash=sha256:a8b2bc7bffae282281c8140a97d3aa9c14da0b136dfe83f850eea9a5f7470427
python-dotenv==1.2.3 \
    --hash=sha256:904552145e8bfed22162c09dab1c2b9b54fefa7b23ba780f4f26ca0316b0f0d9 \
    --hash=sha256:a20a594dabeaa385725aa239d5244871c143ecb356add8a20fcf23773a6c3a35
python-multipart==0.0.32 \
    --hash=sha256:be54b7f3fa167bb83e4fcd936b887b708f4e57fe75911c02aebf53efaf8d938e \
    --hash=sha256:ff6d3f776f16878c894e52e107296ffc890e913c611b1a4ec6c44e2821fe2e23
pyyaml==6.0.3 \
    --hash=sha256:5fdec68f91a0c6739b380c83b951e2c72ac0197ace422360e6d5a959d8d97b2c \
    --hash=sha256:9149cad251584d5fb4981be1ecde53a1ca46c891a79788c0df828d2f166bda28 \
    --hash=sha256:ba1cc08a7ccde2d2ec775841541641e4548226580ab850948cbfda66a1befcdc \
    --hash=sha256:d76623373421df22fb4cf8817020cbb7ef15c725b9d5e45f17e189bfc384190f
redis==5.3.1 \
    --hash=sha256:ca49577a531ea64039b5a36db3d6cd1a0c7a60c34124d46924a45b956e8cf14c \
    --hash=sha256:dc1909bd24669cc31b5f67a039700b16ec30571096c5f1f0d9d2324bff31af97
referencing==0.37.0 \
    --hash=sha256:381329a9f99628c9069361716891d34ad94af76e461dcb0335825aecc7692231 \
    --hash=sha256:44aefc3142c5b842538163acb373e24cce6632bd54bdb01b21ad5863489f50d8
regex==2026.9.10 \
    --hash=sha256:032da15431c890d376f53547f0a6219f4f4cd19f3e4f11bdc321453b5bd207e4 \
    --hash=sha256:1e321e2c84f0e52c457f5ea5944f796d6e8e09cb99738ea98dcc1bfe402a128d \
    --hash=sha256:23ac9a28180f274d7dd7651fa131ad5b02d343b75df4b040737f0356223895dd \
    --hash=sha256:2e67f8843f0e4b931f1fa860bf3bbe4134b714c0155cc5c7c0d7ea450230aae0 \
    --hash=sha256:4c66d54042a14a503907d81861b8a5235e6d1f03d4fbc1d8767f652eaf957ac1 \
    --hash=sha256:bb7774924f8cd69f49cba0b3c2d679a6326f777e0e67d130ad5203e4df53f0d3
requests==2.34.2 \
    --hash=sha256:2a0d60c172f83ac6ab31e4554906c0f3b3588d37b5cb939b1c061f4907e278e0 \
    --hash=sha256:f288924cae4e29463698d6d60bc6a4da69c89185ad1e0bcc4104f584e960b9ed
rpds-py==2026.6.3 \
    --hash=sha256:127565fead0a10943b282957bd5447804ff3160ad79f2ad2635e6d249e380680 \
    --hash=sha256:1cebd1337c242e4ec2293e541f712b2da849b29f48f0c293684b71c0632625d4 \
    --hash=sha256:270b293dae9058fc9fcedab50f13cebf46fb8ed1d1d54e0521a9da5d6b211975 \
    --hash=sha256:55927d532399c2c646100ff7feb48eaa940ad70f42cd68e1328f3ded9f81ca24 \
    --hash=sha256:58eadac9cd119677b60e1cf8ac4052f35949d71b8a9e5556efccbe82533cf22a \
    --hash=sha256:7491ee23305ac3eb59e492b6945881f5cd77a6f731061a3f25b77fd40f9e99a4 \
    --hash=sha256:ecabd69db66de867690f9797f2f8fa27ba501bbc24540cbdbdc649cd15888ba6 \
    --hash=sha256:f56f1695bc5c0871cbc33dc0130fcf503aab0c57dcc5a6700a4f49eba4f2652e
s3transfer==0.19.2 \
    --hash=sha256:ba0309fd86be3c27dbf78cdd813c13c5e1df16e5874b99d2535ebbdfb9892993 \
    --hash=sha256:d8168eccca828cbb2cd573675333f3bddd254313a9c42494b84c76b539e8ba25
scenedetect==0.7.1 \
    --hash=sha256:2bc082056f231d35f9d5eed6d8077a5d417c77c2787d965d7f03be3802cb6f7f \
    --hash=sha256:91b67902275b2e0d29a12f6d70435f04e0bd7852a6dc8a69c901c6069328dffa
scikit-learn==1.9.1 \
    --hash=sha256:629cada3e33e2b9bf376cdc7614a47a4140b8aedc1d836579e359736fbd82977 \
    --hash=sha256:e4c20a6c017d820faa7ac8c783e3d0c6a9a2e297bf9f55332ca17cdf7fd4d04d \
    --hash=sha256:e5d7b18a5b9dca241a74695f3275fa4c895a9dadc72b3d8df5fa9d1083c9b83e
scipy==1.18.1 \
    --hash=sha256:3c085faa2cfa879c5141df483f836f4d691045a078224a670fa570fa01612d89 \
    --hash=sha256:52c4b7422442aba924d03ad4019852b08a92e64ea187b933135687bfe2747307 \
    --hash=sha256:f55fa87b6c612ecd6b058f167c53231b1d14e412efe361d3d6e38b3631c73218
sentry-sdk==2.71.0 \
    --hash=sha256:7beb27a22f06396f3a05510c3da6ea10e1c79e02e859993c27ce4ff074e296d6 \
    --hash=sha256:9ed36b4c206048aa67b5ddba0a6e28d59fc55cf10d60f5f7aea2c3917184bf4a
six==1.17.0 \
    --hash=sha256:4721f391ed90541fddacab5acf947aa0d3dc7d27b2e1e8eda2be8970586c3274 \
    --hash=sha256:ff70335d468e7eb6ec65b95b99d3a2836546063f63acc5171de367e834932a81
sniffio==1.3.1 \
    --hash=sha256:2f6da418d1f1e0fddd844478f41680e794e6051915791a034ff65e5f100525a2 \
    --hash=sha256:f4324edc670a0f49750a81b895f35c3adb843cca46f0530f79fc1babb23789dc
soundfile==0.14.0 \
    --hash=sha256:1e38bac1853412871318e82a1ba69a8be677619b56025bbfcccdb41b6cafe82d \
    --hash=sha256:8ba81ae3a89fd5ab3bef8a8eb481fbbe794e806309675a89b4df48b8d31908a8 \
    --hash=sha256:ba1c1a2d618bca5c406647c83b89f07cc8810fa506a50622a6993ba130c1de11 \
    --hash=sha256:e85724a90bc99a6e8062c0b4ddf725f53b2a3b70afd4da875e9d2cfc4e92f377
soxr==1.1.0 \
    --hash=sha256:3b033078e86f3c4a658e5697fac8995764fad9e799563616b630136b613167f1 \
    --hash=sha256:9f228ae21c78fa9359ca98d8a5e8e91f30639e438e574133dace62c5b5309e44 \
    --hash=sha256:bf98c0d7b7d5ef5bf072fee8d3020e8b664f2d195933ea7bc5089267c2e22a06
sqlalchemy==2.0.52 \
    --hash=sha256:1b2d9e507a458832adcfbd8af6e2036ddf069b7710b799448542ebccae2dceee \
    --hash=sha256:3b81b8363a919ce53453591cdb93702e6bd54ade6c4fa2f468fc053baee5ed89 \
    --hash=sha256:5e2d46356ac2ccb7d268ab6c2319ac6a2b42f1b8d5fd8bd3d46855cd82abee97 \
    --hash=sha256:8738008376d22f30f411ea3efecf39b51110b6996d80bb73786f30bcfdd5fd3b
starlette==1.6.0 \
    --hash=sha256:a86dd39d14bb45f85a3d18525215a9ef0cfd1f192ac793220e72598c90335f0c \
    --hash=sha256:d4e3ac5e546444960c710297a3c9fc3f7ebae1b7e963f3d36173b49da535be9b
stripe==15.6.1 \
    --hash=sha256:9f3986aa960419041aba9c76191746bdf2c342c95892acfbf6edb500ab006d31 \
    --hash=sha256:b33e1ea76462d7289e5fe755a1132b82099151bfb31e961021655471e6d216bf
structlog==26.1.0 \
    --hash=sha256:e081a26d6c373e6d201eca24eede26d8ffab07f88f477822e679183428d3d91e \
    --hash=sha256:f63a716cbd1b1291cf7661de7794b455acfa4c43c5bcf1630e6ad5ddc1adb3b7
threadpoolctl==3.6.0 \
    --hash=sha256:43a0b8fd5a2928500110039e43a5eed8480b918967083ea48dc3ab9f13c4a7fb \
    --hash=sha256:8ab8b4aa3491d812b623328249fab5302a68d2d71745c8a4c719a2fcaba9f44e
tiktoken==0.14.0 \
    --hash=sha256:231dec90efcdccf1b565a1416107736f1e09b1a08fe736ef9d6363e626d03874 \
    --hash=sha256:7896eea257fe497a2b7134474d909156c6744ce8da35bce88011a960e008aa0d \
    --hash=sha256:7db45b98e94adf4173a5cd7422b150999a7ee11ff847783a14f6e1b80cc38cb6
tokenizers==0.23.2 \
    --hash=sha256:12f0835dc2ee694746a76adf7b1567d4346a4a502ebe93fb1f5f80ea49799b78 \
    --hash=sha256:325fee2e0418a9dc6c9ecf736a5f5f0db7875183ace9549ae339da76f7a1fbb7 \
    --hash=sha256:41c2f84d172449b4dadb9cdc508e3e364076613c35b16e76ecfe47a60d1e3305 \
    --hash=sha256:43e4f2071e3cc8d5d86421c874aebc82659bb51a68bcdef5a0da75ee89511ccb \
    --hash=sha256:7b7e37ba198f24150f523e1242e83c4970de4a525480586be5dcc24d9add32c5 \
    --hash=sha256:7f0f085686b9de0d0079e6f874ae053600db64c5d13049e0bbc0119926d25aac \
    --hash=sha256:950d7c9426fa72406a0ffeacdbc0bb9985f5db20eb8b263f29c79aaf83105703 \
    --hash=sha256:a37039b5dfc4af84eb3ef0a92f4307e28936c8f9adccba2629d36f652e9bf7a2
tqdm==4.70.1 \
    --hash=sha256:c293e525e6fef9c20e8728fd4612df02a0aa31bb5fe91ecd93e123b1b7bffa73 \
    --hash=sha256:cefd0eca11b2a37a3aee776544d4f4ae913f02688135b5556b8788dfa474afc4
typing-extensions==4.16.0 \
    --hash=sha256:481caa481374e813c1b176ada14e97f1f67a4539ce9cfeb3f350d78d6370c2e8 \
    --hash=sha256:dc983d19a509c94dba722ee6abd33940f7c05a89e243c47e907eb4db6f1a43e5
typing-inspection==0.4.4 \
    --hash=sha256:547274fa6b0a561ccf549cc9524b999a578e737d015d8709d021f9d0d13bea47 \
    --hash=sha256:65b8397ba37ccbce054456aaccddfc91e6e3083c92824df348d96ca832f3f147
urllib3==2.7.0 \
    --hash=sha256:231e0ec3b63ceb14667c67be60f2f2c40a518cb38b03af60abc813da26505f4c \
    --hash=sha256:9fb4c81ebbb1ce9531cce37674bbc6f1360472bc18ca9a553ede278ef7276897
uvicorn==0.52.4 \
    --hash=sha256:73acfee47a0b133c5de13d219492d62d8a31e935f4fe6e41a232451a15379f86 \
    --hash=sha256:f86e41a149d7d05a9969337e3946a9c171c06a5d42680896daaba624aeac8da1
uvloop==0.22.1 \
    --hash=sha256:6c84bae345b9147082b17371e3dd5d42775bddce91f885499017f4607fdaf39f \
    --hash=sha256:700e674a166ca5778255e0e1dc4e9d79ab2acc57b9171b79e65feba7184b3370 \
    --hash=sha256:7b5b1ac819a3f946d3b2ee07f09149578ae76066d70b44df3fa990add49a82e4
watchfiles==1.2.0 \
    --hash=sha256:2581a94056e55d7d0a31a823ea92bf73749c489ca2285bfdc0fbe6b2bb49d50c \
    --hash=sha256:41bc1199f7523b3f82843c88cbb979180c949caef0342cf90968f178e5d49b01 \
    --hash=sha256:56d8641cf834c2836922899105bd3ce3d0dfc69291d52edf0b4d0436829b34c0 \
    --hash=sha256:7571e4464cb6e434958f867f7f730b8ab0b75e3f8e5eac0499168486ab3c33a8 \
    --hash=sha256:8f70d8b291ef6e88d19b1f297a6905ddb978888d9272b0d05e6f53309856bcfc \
    --hash=sha256:c995fba777f1ea992f090f9236e9284cf7a5d1a0130dd5a3d82c598cacd76838 \
    --hash=sha256:d20029a60a71a052a24c4db7673bc4de39ab89adbaccbfb5d67987c5d73f424d \
    --hash=sha256:e53a384f76b631c3ae5334ce6a52f0baa3a911eb94a4eac7f160079868b716d5
websockets==17.1 \
    --hash=sha256:0c863507ada5805517ca6dff1c524dcd42942efe6304dacf06700878398d21a6 \
    --hash=sha256:0de501b7f2db11e83739ac20e2d33d46da4604b829f506c24be80e7def069391 \
    --hash=sha256:5aefe78e6a3077fe22b5e64b04666a85a3eb8b934d40e8595a693adcbceb6f11 \
    --hash=sha256:677014a073bcb1fbaa7e21144786864f16c08f856d66834f611eceb9006cbab8 \
    --hash=sha256:882af300d2c6a092b93767d5de03c7bb56dfb06314140c8e872d3f48e09f7b74 \
    --hash=sha256:acfea4c20bf54384883ea33b1240fc1db4f52e190823a4e2b334bc3e8bfca96a \
    --hash=sha256:d41ef69d5416fbc1d98cf96c37be6192d10fd101c3e0f8b3ddc36e09432b3c08 \
    --hash=sha256:f221081107b8c48184d99f7019604486376e7ef826037e70aad6b02540732c23 \
    --hash=sha256:f64e001bb7fa89b9f32cfa600bf8e9ac8ca26759d9b92ae01453ee303d9cd7b4
yarl==1.24.5 \
    --hash=sha256:665b0a2c463cc9423dd647e0bfd9f4ccc9b50f768c55304d5e9f80b177c1de12 \
    --hash=sha256:6c95b17fe34ed802f17e205112e6e10db92275c34fee290aa9bdc55a9c724027 \
    --hash=sha256:90333fd89b43c0d08ac85f3f1447593fc2c66de18c3d6378d7125ea118dc7a54 \
    --hash=sha256:a33700d13d9b7d84fd10947b09ff69fb9a792e519c8cb9764a3ca70baa6c23a7 \
    --hash=sha256:e006d3a974c4ee19512e5f058abedb6eef36a5e553c14812bdeba1758d812e6d \
    --hash=sha256:e7d42c531243450ef0d4d9c172e7ed6ef052640f195629065041b5add4e058d1 \
    --hash=sha256:e81b83143bee16329c23db3c1b2d82b29892fcbcb849186d2f6e98a5abe9a57f \
    --hash=sha256:f08c7513ecef5aad65687bfdf6bc601ae9fccd04a42904501f8f7141abad9eb9
zipp==4.1.0 \
    --hash=sha256:25ad4e16390cd314347dd8f1de67a2ac538ae658ed4ab9db16029c07c188e97f \
    --hash=sha256:4cb57381f544315db7688e976e922a2b18cdb513d21cc194eb42232ba2a3e602
